
Microsoft Visual Studio Solution File, Format Version 12.00
# Visual Studio Version 17
VisualStudioVersion = 17.2.32602.215
MinimumVisualStudioVersion = 10.0.40219.1
Project("{FAE04EC0-301F-11D3-BF4B-00C04F79EFBC}") = "tafazol_game", "tafazol_game\tafazol_game.csproj", "{D7D24B5D-15A5-4822-A4F7-2F1486895446}"
EndProject
Global
	GlobalSection(SolutionConfigurationPlatforms) = preSolution
		Debug|Any CPU = Debug|Any CPU
		Release|Any CPU = Release|Any CPU
	EndGlobalSection
	GlobalSection(ProjectConfigurationPlatforms) = postSolution
		{D7D24B5D-15A5-4822-A4F7-2F1486895446}.Debug|Any CPU.ActiveCfg = Debug|Any CPU
		{D7D24B5D-15A5-4822-A4F7-2F1486895446}.Debug|Any CPU.Build.0 = Debug|Any CPU
		{D7D24B5D-15A5-4822-A4F7-2F1486895446}.Release|Any CPU.ActiveCfg = Release|Any CPU
		{D7D24B5D-15A5-4822-A4F7-2F1486895446}.Release|Any CPU.Build.0 = Release|Any CPU
	EndGlobalSection
	GlobalSection(SolutionProperties) = preSolution
		HideSolutionNode = FALSE
	EndGlobalSection
	GlobalSection(ExtensibilityGlobals) = postSolution
		SolutionGuid = {F80E786E-EB5F-4C03-9E9A-62DA9E0746A3}
	EndGlobalSection
EndGlobal
